
Microsoft Visual Studio Solution File, Format Version 12.00
# Visual Studio Version 17
VisualStudioVersion = 17.14.36203.30 d17.14
MinimumVisualStudioVersion = 10.0.40219.1
Project("{FAE04EC0-301F-11D3-BF4B-00C04F79EFBC}") = "HangfireCronDotNet9", "HangfireCronDotNet9\HangfireCronDotNet9.csproj", "{A9DD735B-8499-49CC-920B-4C83455D91A5}"
EndProject
Global
	GlobalSection(SolutionConfigurationPlatforms) = preSolution
		Debug|Any CPU = Debug|Any CPU
		Release|Any CPU = Release|Any CPU
	EndGlobalSection
	GlobalSection(ProjectConfigurationPlatforms) = postSolution
		{A9DD735B-8499-49CC-920B-4C83455D91A5}.Debug|Any CPU.ActiveCfg = Debug|Any CPU
		{A9DD735B-8499-49CC-920B-4C83455D91A5}.Debug|Any CPU.Build.0 = Debug|Any CPU
		{A9DD735B-8499-49CC-920B-4C83455D91A5}.Release|Any CPU.ActiveCfg = Release|Any CPU
		{A9DD735B-8499-49CC-920B-4C83455D91A5}.Release|Any CPU.Build.0 = Release|Any CPU
	EndGlobalSection
	GlobalSection(SolutionProperties) = preSolution
		HideSolutionNode = FALSE
	EndGlobalSection
	GlobalSection(ExtensibilityGlobals) = postSolution
		SolutionGuid = {018F446D-D727-4695-9FA3-39490A622E44}
	EndGlobalSection
EndGlobal
